
Microsoft Visual Studio Solution File, Format Version 12.00
# Visual Studio Version 16
VisualStudioVersion = 16.0.31624.102
MinimumVisualStudioVersion = 10.0.40219.1
Project("{FAE04EC0-301F-11D3-BF4B-00C04F79EFBC}") = "ApiCatalogoJogos", "ApiCatalogoJogos\ApiCatalogoJogos.csproj", "{A89E4C76-5AD4-4690-B6D7-3ABC1DFA4232}"
EndProject
Global
	GlobalSection(SolutionConfigurationPlatforms) = preSolution
		Debug|Any CPU = Debug|Any CPU
		Release|Any CPU = Release|Any CPU
	EndGlobalSection
	GlobalSection(ProjectConfigurationPlatforms) = postSolution
		{A89E4C76-5AD4-4690-B6D7-3ABC1DFA4232}.Debug|Any CPU.ActiveCfg = Debug|Any CPU
		{A89E4C76-5AD4-4690-B6D7-3ABC1DFA4232}.Debug|Any CPU.Build.0 = Debug|Any CPU
		{A89E4C76-5AD4-4690-B6D7-3ABC1DFA4232}.Release|Any CPU.ActiveCfg = Release|Any CPU
		{A89E4C76-5AD4-4690-B6D7-3ABC1DFA4232}.Release|Any CPU.Build.0 = Release|Any CPU
	EndGlobalSection
	GlobalSection(SolutionProperties) = preSolution
		HideSolutionNode = FALSE
	EndGlobalSection
	GlobalSection(ExtensibilityGlobals) = postSolution
		SolutionGuid = {BCBA4F20-DF69-4873-83A7-A2718A552A13}
	EndGlobalSection
EndGlobal
