
Microsoft Visual Studio Solution File, Format Version 12.00
# Visual Studio Version 16
VisualStudioVersion = 16.0.30128.74
MinimumVisualStudioVersion = 10.0.40219.1
Project("{9A19103F-16F7-4668-BE54-9A1E7A4F7556}") = "CatalogoDeJogos.Api", "src\CatalogoDeJogos.Api\CatalogoDeJogos.Api.csproj", "{CBFD72B3-6395-425A-9594-1969DB81D3AE}"
EndProject
Project("{2150E333-8FDC-42A3-9474-1A3956D46DE8}") = "src", "src", "{08A2B015-F3F3-4A3D-95D5-E26E90919A61}"
EndProject
Global
	GlobalSection(SolutionConfigurationPlatforms) = preSolution
		Debug|Any CPU = Debug|Any CPU
		Release|Any CPU = Release|Any CPU
	EndGlobalSection
	GlobalSection(ProjectConfigurationPlatforms) = postSolution
		{CBFD72B3-6395-425A-9594-1969DB81D3AE}.Debug|Any CPU.ActiveCfg = Debug|Any CPU
		{CBFD72B3-6395-425A-9594-1969DB81D3AE}.Debug|Any CPU.Build.0 = Debug|Any CPU
		{CBFD72B3-6395-425A-9594-1969DB81D3AE}.Release|Any CPU.ActiveCfg = Release|Any CPU
		{CBFD72B3-6395-425A-9594-1969DB81D3AE}.Release|Any CPU.Build.0 = Release|Any CPU
	EndGlobalSection
	GlobalSection(SolutionProperties) = preSolution
		HideSolutionNode = FALSE
	EndGlobalSection
	GlobalSection(NestedProjects) = preSolution
		{CBFD72B3-6395-425A-9594-1969DB81D3AE} = {08A2B015-F3F3-4A3D-95D5-E26E90919A61}
	EndGlobalSection
	GlobalSection(ExtensibilityGlobals) = postSolution
		SolutionGuid = {B63F8355-A479-4D5E-B231-EC85FEAFE2DD}
	EndGlobalSection
EndGlobal
